
Microsoft Visual Studio Solution File, Format Version 12.00
# Visual Studio 14
VisualStudioVersion = 14.0.24720.0
MinimumVisualStudioVersion = 10.0.40219.1
Project("{FAE04EC0-301F-11D3-BF4B-00C04F79EFBC}") = "Guard", "Guarder\Guard.csproj", "{D954612F-5178-47B9-ABC1-9D74CF60C584}"
EndProject
Project("{FAE04EC0-301F-11D3-BF4B-00C04F79EFBC}") = "Guard.Tests", "Guard.Tests\Guard.Tests.csproj", "{C01E644F-1E27-4EEA-86E5-8A63B53BA81E}"
EndProject
Project("{FAE04EC0-301F-11D3-BF4B-00C04F79EFBC}") = "GuardTestApp", "GuardTestApp\GuardTestApp.csproj", "{1302F535-A81C-44C6-A822-93DC50357D12}"
EndProject
Global
	GlobalSection(SolutionConfigurationPlatforms) = preSolution
		Debug|Any CPU = Debug|Any CPU
		Release|Any CPU = Release|Any CPU
	EndGlobalSection
	GlobalSection(ProjectConfigurationPlatforms) = postSolution
		{D954612F-5178-47B9-ABC1-9D74CF60C584}.Debug|Any CPU.ActiveCfg = Debug|Any CPU
		{D954612F-5178-47B9-ABC1-9D74CF60C584}.Debug|Any CPU.Build.0 = Debug|Any CPU
		{D954612F-5178-47B9-ABC1-9D74CF60C584}.Release|Any CPU.ActiveCfg = Release|Any CPU
		{D954612F-5178-47B9-ABC1-9D74CF60C584}.Release|Any CPU.Build.0 = Release|Any CPU
		{C01E644F-1E27-4EEA-86E5-8A63B53BA81E}.Debug|Any CPU.ActiveCfg = Debug|Any CPU
		{C01E644F-1E27-4EEA-86E5-8A63B53BA81E}.Debug|Any CPU.Build.0 = Debug|Any CPU
		{C01E644F-1E27-4EEA-86E5-8A63B53BA81E}.Release|Any CPU.ActiveCfg = Release|Any CPU
		{C01E644F-1E27-4EEA-86E5-8A63B53BA81E}.Release|Any CPU.Build.0 = Release|Any CPU
		{1302F535-A81C-44C6-A822-93DC50357D12}.Debug|Any CPU.ActiveCfg = Debug|Any CPU
		{1302F535-A81C-44C6-A822-93DC50357D12}.Debug|Any CPU.Build.0 = Debug|Any CPU
		{1302F535-A81C-44C6-A822-93DC50357D12}.Release|Any CPU.ActiveCfg = Release|Any CPU
		{1302F535-A81C-44C6-A822-93DC50357D12}.Release|Any CPU.Build.0 = Release|Any CPU
	EndGlobalSection
	GlobalSection(SolutionProperties) = preSolution
		HideSolutionNode = FALSE
	EndGlobalSection
EndGlobal
